lockfileVersion: '9.0'

settings:
  autoInstallPeers: true
  excludeLinksFromLockfile: false

importers:

  .:
    devDependencies:
      '@smmtry/sx3-cli':
        specifier: workspace:*
        version: link:packages/cli

  packages/cli:
    dependencies:
      adm-zip:
        specifier: ^0.5.16
        version: 0.5.16
      sql.js:
        specifier: ^1.13.0
        version: 1.13.0

packages:

  adm-zip@0.5.16:
    resolution: {integrity: sha512-TGw5yVi4saajsSEgz25grObGHEUaDrniwvA2qwSC060KfqGPdglhvPMA2lPIoxs3PQIItj2iag35fONcQqgUaQ==}
    engines: {node: '>=12.0'}

  sql.js@1.13.0:
    resolution: {integrity: sha512-RJbVP1HRDlUUXahJ7VMTcu9Rm1Nzw+EBpoPr94vnbD4LwR715F3CcxE2G2k45PewcaZ57pjetYa+LoSJLAASgA==}

snapshots:

  adm-zip@0.5.16: {}

  sql.js@1.13.0: {}
